<?xml version="1.0" encoding="utf-8"?>
<Project ToolsVersion="4.0" xmlns="http://schemas.microsoft.com/developer/msbuild/2003">
  <ItemGroup>
    <Filter Include="소스 파일">
      <UniqueIdentifier>{4FC737F1-C7A5-4376-A066-2A32D752A2FF}</UniqueIdentifier>
      <Extensions>cpp;c;cc;cxx;c++;cppm;ixx;def;odl;idl;hpj;bat;asm;asmx</Extensions>
    </Filter>
    <Filter Include="헤더 파일">
      <UniqueIdentifier>{93995380-89BD-4b04-88EB-625FBE52EBFB}</UniqueIdentifier>
      <Extensions>h;hh;hpp;hxx;h++;hm;inl;inc;ipp;xsd</Extensions>
    </Filter>
    <Filter Include="리소스 파일">
      <UniqueIdentifier>{67DA6AB6-F800-4c08-8B7A-83BB121AAD01}</UniqueIdentifier>
      <Extensions>rc;ico;cur;bmp;dlg;rc2;rct;bin;rgs;gif;jpg;jpeg;jpe;resx;tiff;tif;png;wav;mfcribbon-ms</Extensions>
    </Filter>
    <Filter Include="00. MainGame">
      <UniqueIdentifier>{2770bf79-1d4d-4724-9401-4d3acfb114ad}</UniqueIdentifier>
    </Filter>
    <Filter Include="01. Object">
      <UniqueIdentifier>{2876e637-dea8-46f7-8b41-2bc6de4cb75d}</UniqueIdentifier>
    </Filter>
    <Filter Include="소스 파일\Vector2">
      <UniqueIdentifier>{2e1e52b4-d9f1-4d34-a786-746fe6ca7786}</UniqueIdentifier>
    </Filter>
    <Filter Include="99. SceneManager">
      <UniqueIdentifier>{90573290-bf15-4e8a-9da2-c95161defe0e}</UniqueIdentifier>
    </Filter>
    <Filter Include="98. ObjectManager">
      <UniqueIdentifier>{06901751-2d7a-4cdc-b909-d5a516ae386f}</UniqueIdentifier>
    </Filter>
    <Filter Include="01. Object\00.Player">
      <UniqueIdentifier>{289dd3d7-a13d-4463-9f17-e6ef56671bb5}</UniqueIdentifier>
    </Filter>
    <Filter Include="01. Object\01.Monster">
      <UniqueIdentifier>{e8eba61d-b5bc-469d-a536-49d342c32f51}</UniqueIdentifier>
    </Filter>
    <Filter Include="96.LineManager">
      <UniqueIdentifier>{b482df0a-e5a7-4b64-9a44-df2268e21ab5}</UniqueIdentifier>
    </Filter>
    <Filter Include="96.LineManager\Line">
      <UniqueIdentifier>{25826ffb-4fdd-4b3f-aa83-ff9fca182dd2}</UniqueIdentifier>
    </Filter>
    <Filter Include="97. CollisionManager">
      <UniqueIdentifier>{2e878ed4-17dd-4e6d-b560-ff2e6237acaa}</UniqueIdentifier>
    </Filter>
    <Filter Include="01. Object\02.Bullet">
      <UniqueIdentifier>{4421b703-853a-41d7-b3ea-9a0e81566014}</UniqueIdentifier>
    </Filter>
    <Filter Include="03. Scene">
      <UniqueIdentifier>{71ac03e4-6ca4-46bb-b5b4-a04328f682fe}</UniqueIdentifier>
    </Filter>
    <Filter Include="95. KeyManager">
      <UniqueIdentifier>{10388a78-3c3a-4a53-a8b0-7e6979a91d34}</UniqueIdentifier>
    </Filter>
    <Filter Include="94. ScrollManager">
      <UniqueIdentifier>{9c98fee8-59ca-443f-b156-30092bc8513a}</UniqueIdentifier>
    </Filter>
    <Filter Include="01. Object\03.Mouse">
      <UniqueIdentifier>{15ccb0a2-82de-4d08-93fe-79bcd6e33f22}</UniqueIdentifier>
    </Filter>
    <Filter Include="01. Object\01.Monster\03. ThirdSceneBoss">
      <UniqueIdentifier>{3f46987f-8e83-4da6-aafc-fdc5b64eebed}</UniqueIdentifier>
    </Filter>
    <Filter Include="01. Object\02.Bullet\00. CurveBullet">
      <UniqueIdentifier>{066ce8c9-1002-45c5-abd1-489494987300}</UniqueIdentifier>
    </Filter>
    <Filter Include="01. Object\01.Monster\01. FirstBoss">
      <UniqueIdentifier>{dd002064-a879-4a1d-ba2c-459815063d3b}</UniqueIdentifier>
    </Filter>
    <Filter Include="01. Object\01.Monster\02. SecondBoss">
      <UniqueIdentifier>{289ee354-77ac-4ae0-9c45-da9bd6561b01}</UniqueIdentifier>
    </Filter>
    <Filter Include="01. Object\01.Monster\04.FourthBoss">
      <UniqueIdentifier>{7967dc99-8fac-4f0c-9b25-d4f852b0f134}</UniqueIdentifier>
    </Filter>
    <Filter Include="01. Object\01.Monster\02. SecondBoss\SecondBossAttackPattern">
      <UniqueIdentifier>{749113be-c765-404e-8308-1f275d521f3f}</UniqueIdentifier>
    </Filter>
  </ItemGroup>
  <ItemGroup>
    <ClInclude Include="framework.h">
      <Filter>헤더 파일</Filter>
    </ClInclude>
    <ClInclude Include="CMainGame.h">
      <Filter>00. MainGame</Filter>
    </ClInclude>
    <ClInclude Include="CObject.h">
      <Filter>01. Object</Filter>
    </ClInclude>
    <ClInclude Include="Vector2.h">
      <Filter>소스 파일\Vector2</Filter>
    </ClInclude>
    <ClInclude Include="CSceneManager.h">
      <Filter>99. SceneManager</Filter>
    </ClInclude>
    <ClInclude Include="CObjectManager.h">
      <Filter>98. ObjectManager</Filter>
    </ClInclude>
    <ClInclude Include="CLineManager.h">
      <Filter>96.LineManager</Filter>
    </ClInclude>
    <ClInclude Include="CLine.h">
      <Filter>96.LineManager\Line</Filter>
    </ClInclude>
    <ClInclude Include="CMonster.h">
      <Filter>01. Object\01.Monster</Filter>
    </ClInclude>
    <ClInclude Include="CPlayer.h">
      <Filter>01. Object\00.Player</Filter>
    </ClInclude>
    <ClInclude Include="Define.h">
      <Filter>헤더 파일</Filter>
    </ClInclude>
    <ClInclude Include="Jusin158_Team1_Study.h">
      <Filter>헤더 파일</Filter>
    </ClInclude>
    <ClInclude Include="pch.h">
      <Filter>헤더 파일</Filter>
    </ClInclude>
    <ClInclude Include="Resource.h">
      <Filter>헤더 파일</Filter>
    </ClInclude>
    <ClInclude Include="targetver.h">
      <Filter>헤더 파일</Filter>
    </ClInclude>
    <ClInclude Include="CCollisionManager.h">
      <Filter>97. CollisionManager</Filter>
    </ClInclude>
    <ClInclude Include="CAbstractFactory.h">
      <Filter>헤더 파일</Filter>
    </ClInclude>
    <ClInclude Include="CBullet.h">
      <Filter>01. Object\02.Bullet</Filter>
    </ClInclude>
    <ClInclude Include="CScene04.h">
      <Filter>03. Scene</Filter>
    </ClInclude>
    <ClInclude Include="CScene01.h">
      <Filter>03. Scene</Filter>
    </ClInclude>
    <ClInclude Include="CScene02.h">
      <Filter>03. Scene</Filter>
    </ClInclude>
    <ClInclude Include="CScene03.h">
      <Filter>03. Scene</Filter>
    </ClInclude>
    <ClInclude Include="CKeyManager.h">
      <Filter>95. KeyManager</Filter>
    </ClInclude>
    <ClInclude Include="CScene.h">
      <Filter>03. Scene</Filter>
    </ClInclude>
    <ClInclude Include="CScrollManager.h">
      <Filter>94. ScrollManager</Filter>
    </ClInclude>
    <ClInclude Include="CMouse.h">
      <Filter>01. Object\03.Mouse</Filter>
    </ClInclude>
    <ClInclude Include="CThirdBoss.h">
      <Filter>01. Object\01.Monster\03. ThirdSceneBoss</Filter>
    </ClInclude>
    <ClInclude Include="CFirstBoss.h">
      <Filter>01. Object\01.Monster\01. FirstBoss</Filter>
    </ClInclude>
    <ClInclude Include="CScene.h">
      <Filter>03. Scene</Filter>
    </ClInclude>
    <ClInclude Include="FourthBoss.h">
      <Filter>01. Object\01.Monster\04.FourthBoss</Filter>
       </ClInclude>
    <ClInclude Include="CSecondBoss.h">
      <Filter>01. Object\01.Monster\02. SecondBoss</Filter>
    </ClInclude>
    <ClInclude Include="CGuideMonster.h">
      <Filter>헤더 파일</Filter>
    </ClInclude>
  </ItemGroup>
  <ItemGroup>
    <ClCompile Include="Jusin158_Team1_Study.cpp">
      <Filter>소스 파일</Filter>
    </ClCompile>
    <ClCompile Include="pch.cpp">
      <Filter>소스 파일</Filter>
    </ClCompile>
    <ClCompile Include="CObject.cpp">
      <Filter>01. Object</Filter>
    </ClCompile>
    <ClCompile Include="CMainGame.cpp">
      <Filter>00. MainGame</Filter>
    </ClCompile>
    <ClCompile Include="Vector2.cpp">
      <Filter>소스 파일\Vector2</Filter>
    </ClCompile>
    <ClCompile Include="CSceneManager.cpp">
      <Filter>99. SceneManager</Filter>
    </ClCompile>
    <ClCompile Include="CObjectManager.cpp">
      <Filter>98. ObjectManager</Filter>
    </ClCompile>
    <ClCompile Include="CLine.cpp">
      <Filter>96.LineManager\Line</Filter>
    </ClCompile>
    <ClCompile Include="CMonster.cpp">
      <Filter>01. Object\01.Monster</Filter>
    </ClCompile>
    <ClCompile Include="CPlayer.cpp">
      <Filter>01. Object\00.Player</Filter>
    </ClCompile>
    <ClCompile Include="CCollisionManager.cpp">
      <Filter>97. CollisionManager</Filter>
    </ClCompile>
    <ClCompile Include="CBullet.cpp">
      <Filter>01. Object\02.Bullet</Filter>
    </ClCompile>
    <ClCompile Include="CScene01.cpp">
      <Filter>03. Scene</Filter>
    </ClCompile>
    <ClCompile Include="CScene03.cpp">
      <Filter>03. Scene</Filter>
    </ClCompile>
    <ClCompile Include="CScene02.cpp">
      <Filter>03. Scene</Filter>
    </ClCompile>
    <ClCompile Include="CScene04.cpp">
      <Filter>03. Scene</Filter>
    </ClCompile>
    <ClCompile Include="CScene.cpp">
      <Filter>소스 파일</Filter>
    </ClCompile>
    <ClCompile Include="CLineManager.cpp">
      <Filter>96.LineManager\Line</Filter>
    </ClCompile>
    <ClCompile Include="CKeyManager.cpp">
      <Filter>95. KeyManager</Filter>
    </ClCompile>
    <ClCompile Include="CScene.cpp">
      <Filter>03. Scene</Filter>
    </ClCompile>
    <ClCompile Include="CScrollManager.cpp">
      <Filter>94. ScrollManager</Filter>
    </ClCompile>
    <ClCompile Include="CMouse.cpp">
      <Filter>01. Object\03.Mouse</Filter>
    </ClCompile>
    <ClCompile Include="CThirdBoss.cpp">
      <Filter>01. Object\01.Monster\03. ThirdSceneBoss</Filter>
    </ClCompile>
    <ClCompile Include="CLineManager.cpp">
      <Filter>96.LineManager</Filter>
    </ClCompile>
    <ClCompile Include="CFirstBoss.cpp">
      <Filter>01. Object\01.Monster\01. FirstBoss</Filter>
    </ClCompile>
    <ClCompile Include="CScene.cpp">
      <Filter>03. Scene</Filter>
    </ClCompile>
    <ClCompile Include="FourthBoss.cpp">
      <Filter>01. Object\01.Monster\04.FourthBoss</Filter>
      </ClCompile>
    <ClCompile Include="CSecondBoss.cpp">
      <Filter>01. Object\01.Monster\02. SecondBoss</Filter>
    </ClCompile>
    <ClCompile Include="CGuideMonster.cpp">
      <Filter>소스 파일</Filter>
    </ClCompile>
  </ItemGroup>
  <ItemGroup>
    <ResourceCompile Include="Jusin158_Team1_Study.rc">
      <Filter>리소스 파일</Filter>
    </ResourceCompile>
  </ItemGroup>
  <ItemGroup>
    <Image Include="small.ico">
      <Filter>리소스 파일</Filter>
    </Image>
    <Image Include="Jusin158_Team1_Study.ico">
      <Filter>리소스 파일</Filter>
    </Image>
  </ItemGroup>
</Project>